
Microsoft Visual Studio Solution File, Format Version 11.00
# Visual Studio 2010
# SharpDevelop 5.1
Project("{FAE04EC0-301F-11D3-BF4B-00C04F79EFBC}") = "MAIN_FOR_DVRP", "MAIN_FOR_DVRP.csproj", "{64D6033F-EA0E-4D66-A622-82B6493863B8}"
EndProject
Global
	GlobalSection(SolutionConfigurationPlatforms) = preSolution
		Debug|Any CPU = Debug|Any CPU
		Release|Any CPU = Release|Any CPU
	EndGlobalSection
	GlobalSection(ProjectConfigurationPlatforms) = postSolution
		{64D6033F-EA0E-4D66-A622-82B6493863B8}.Debug|Any CPU.ActiveCfg = Debug|Any CPU
		{64D6033F-EA0E-4D66-A622-82B6493863B8}.Debug|Any CPU.Build.0 = Debug|Any CPU
		{64D6033F-EA0E-4D66-A622-82B6493863B8}.Release|Any CPU.ActiveCfg = Release|Any CPU
		{64D6033F-EA0E-4D66-A622-82B6493863B8}.Release|Any CPU.Build.0 = Release|Any CPU
	EndGlobalSection
EndGlobal
